
Microsoft Visual Studio Solution File, Format Version 12.00
# Visual Studio Version 17
VisualStudioVersion = 17.7.34031.279
MinimumVisualStudioVersion = 10.0.40219.1
Project("{FAE04EC0-301F-11D3-BF4B-00C04F79EFBC}") = "BlueDragon", "BlueDragon.csproj", "{6071E379-79BD-43E9-89E1-FBD4664FEF03}"
EndProject
Global
	GlobalSection(SolutionConfigurationPlatforms) = preSolution
		Debug|Any CPU = Debug|Any CPU
		Release|Any CPU = Release|Any CPU
	EndGlobalSection
	GlobalSection(ProjectConfigurationPlatforms) = postSolution
		{6071E379-79BD-43E9-89E1-FBD4664FEF03}.Debug|Any CPU.ActiveCfg = Debug|Any CPU
		{6071E379-79BD-43E9-89E1-FBD4664FEF03}.Debug|Any CPU.Build.0 = Debug|Any CPU
		{6071E379-79BD-43E9-89E1-FBD4664FEF03}.Release|Any CPU.ActiveCfg = Release|Any CPU
		{6071E379-79BD-43E9-89E1-FBD4664FEF03}.Release|Any CPU.Build.0 = Release|Any CPU
	EndGlobalSection
	GlobalSection(SolutionProperties) = preSolution
		HideSolutionNode = FALSE
	EndGlobalSection
	GlobalSection(ExtensibilityGlobals) = postSolution
		SolutionGuid = {74B11D36-65EF-4E2A-A345-8B653EBA8D85}
	EndGlobalSection
EndGlobal
